
Microsoft Visual Studio Solution File, Format Version 12.00
# Visual Studio Version 17
VisualStudioVersion = 17.14.36221.1 d17.14
MinimumVisualStudioVersion = 10.0.40219.1
Project("{8BC9CEB8-8B4A-11D0-8D11-00A0C91BC942}") = "problem 14", "problem 14.vcxproj", "{DC2A56F2-C0A8-4CFE-89BE-76F0F9A7378F}"
EndProject
Global
	GlobalSection(SolutionConfigurationPlatforms) = preSolution
		Debug|x64 = Debug|x64
		Debug|x86 = Debug|x86
		Release|x64 = Release|x64
		Release|x86 = Release|x86
	EndGlobalSection
	GlobalSection(ProjectConfigurationPlatforms) = postSolution
		{DC2A56F2-C0A8-4CFE-89BE-76F0F9A7378F}.Debug|x64.ActiveCfg = Debug|x64
		{DC2A56F2-C0A8-4CFE-89BE-76F0F9A7378F}.Debug|x64.Build.0 = Debug|x64
		{DC2A56F2-C0A8-4CFE-89BE-76F0F9A7378F}.Debug|x86.ActiveCfg = Debug|Win32
		{DC2A56F2-C0A8-4CFE-89BE-76F0F9A7378F}.Debug|x86.Build.0 = Debug|Win32
		{DC2A56F2-C0A8-4CFE-89BE-76F0F9A7378F}.Release|x64.ActiveCfg = Release|x64
		{DC2A56F2-C0A8-4CFE-89BE-76F0F9A7378F}.Release|x64.Build.0 = Release|x64
		{DC2A56F2-C0A8-4CFE-89BE-76F0F9A7378F}.Release|x86.ActiveCfg = Release|Win32
		{DC2A56F2-C0A8-4CFE-89BE-76F0F9A7378F}.Release|x86.Build.0 = Release|Win32
	EndGlobalSection
	GlobalSection(SolutionProperties) = preSolution
		HideSolutionNode = FALSE
	EndGlobalSection
	GlobalSection(ExtensibilityGlobals) = postSolution
		SolutionGuid = {E0771160-5128-4C8F-887C-FA9310DFE07A}
	EndGlobalSection
EndGlobal
